
Microsoft Visual Studio Solution File, Format Version 12.00
# Visual Studio 2012
Project("{FAE04EC0-301F-11D3-BF4B-00C04F79EFBC}") = "BasicWebWorkersMVC", "BasicWebWorkersMVC.csproj", "{4CE05FD3-5D5E-485A-AF53-F6E56CE0E5EF}"
EndProject
Global
	GlobalSection(SolutionConfigurationPlatforms) = preSolution
		Debug|Any CPU = Debug|Any CPU
		Release|Any CPU = Release|Any CPU
	EndGlobalSection
	GlobalSection(ProjectConfigurationPlatforms) = postSolution
		{4CE05FD3-5D5E-485A-AF53-F6E56CE0E5EF}.Debug|Any CPU.ActiveCfg = Debug|Any CPU
		{4CE05FD3-5D5E-485A-AF53-F6E56CE0E5EF}.Debug|Any CPU.Build.0 = Debug|Any CPU
		{4CE05FD3-5D5E-485A-AF53-F6E56CE0E5EF}.Release|Any CPU.ActiveCfg = Release|Any CPU
		{4CE05FD3-5D5E-485A-AF53-F6E56CE0E5EF}.Release|Any CPU.Build.0 = Release|Any CPU
	EndGlobalSection
	GlobalSection(SolutionProperties) = preSolution
		HideSolutionNode = FALSE
	EndGlobalSection
EndGlobal
