
Microsoft Visual Studio Solution File, Format Version 12.00
# Visual Studio 2012
Project("{FAE04EC0-301F-11D3-BF4B-00C04F79EFBC}") = "EventHandling", "EventHandling.csproj", "{DAC94602-ACCD-4303-886C-C5403E5A7A68}"
EndProject
Project("{FAE04EC0-301F-11D3-BF4B-00C04F79EFBC}") = "Selectors", "..\Selectors\Selectors.csproj", "{012F29FC-AAED-4A0B-96F7-DCF8AF8C88AB}"
EndProject
Global
	GlobalSection(SolutionConfigurationPlatforms) = preSolution
		Debug|Any CPU = Debug|Any CPU
		Release|Any CPU = Release|Any CPU
	EndGlobalSection
	GlobalSection(ProjectConfigurationPlatforms) = postSolution
		{012F29FC-AAED-4A0B-96F7-DCF8AF8C88AB}.Debug|Any CPU.ActiveCfg = Debug|Any CPU
		{012F29FC-AAED-4A0B-96F7-DCF8AF8C88AB}.Debug|Any CPU.Build.0 = Debug|Any CPU
		{012F29FC-AAED-4A0B-96F7-DCF8AF8C88AB}.Release|Any CPU.ActiveCfg = Release|Any CPU
		{012F29FC-AAED-4A0B-96F7-DCF8AF8C88AB}.Release|Any CPU.Build.0 = Release|Any CPU
		{DAC94602-ACCD-4303-886C-C5403E5A7A68}.Debug|Any CPU.ActiveCfg = Debug|Any CPU
		{DAC94602-ACCD-4303-886C-C5403E5A7A68}.Debug|Any CPU.Build.0 = Debug|Any CPU
		{DAC94602-ACCD-4303-886C-C5403E5A7A68}.Release|Any CPU.ActiveCfg = Release|Any CPU
		{DAC94602-ACCD-4303-886C-C5403E5A7A68}.Release|Any CPU.Build.0 = Release|Any CPU
	EndGlobalSection
	GlobalSection(SolutionProperties) = preSolution
		HideSolutionNode = FALSE
	EndGlobalSection
EndGlobal
