
Microsoft Visual Studio Solution File, Format Version 12.00
# Visual Studio 11
Project("{FAE04EC0-301F-11D3-BF4B-00C04F79EFBC}") = "BasicCanvas", "BasicCanvas\BasicCanvas.csproj", "{A0A09A0A-1FCE-4FF3-8CEB-99E5D9CB5F35}"
EndProject
Project("{FAE04EC0-301F-11D3-BF4B-00C04F79EFBC}") = "DrawLine", "DrawLine\DrawLine.csproj", "{944B4743-C208-44E5-910E-82A93FC195D8}"
EndProject
Project("{FAE04EC0-301F-11D3-BF4B-00C04F79EFBC}") = "DrawCurve", "DrawCurve\DrawCurve.csproj", "{CE170C88-FB0C-433C-BA38-3BF84DB5B64E}"
EndProject
Project("{FAE04EC0-301F-11D3-BF4B-00C04F79EFBC}") = "DrawPathShape", "DrawPathShape\DrawPathShape.csproj", "{B9A8B997-3FE4-4D41-A2CE-917DAB41B83F}"
EndProject
Project("{FAE04EC0-301F-11D3-BF4B-00C04F79EFBC}") = "DrawText", "DrawText\DrawText.csproj", "{B718E4E7-E733-48AE-A433-77A773BCEDA9}"
EndProject
Project("{FAE04EC0-301F-11D3-BF4B-00C04F79EFBC}") = "DrawImage", "DrawImage\DrawImage.csproj", "{9523BECC-9606-490C-ADC6-1104883400C2}"
EndProject
Project("{FAE04EC0-301F-11D3-BF4B-00C04F79EFBC}") = "SpecialEffects", "Shadow\SpecialEffects.csproj", "{A3CF5C09-AA18-49F6-B28A-7B1A068C8DE2}"
EndProject
Project("{FAE04EC0-301F-11D3-BF4B-00C04F79EFBC}") = "SaveCanvas", "SaveCanvas\SaveCanvas.csproj", "{83E68E06-E4FE-4FB0-99BE-0E3A849802DF}"
EndProject
Project("{FAE04EC0-301F-11D3-BF4B-00C04F79EFBC}") = "PieChartsUsingCanvas", "PieChartsUsingCanvas\PieChartsUsingCanvas.csproj", "{C36259EF-21D8-46D6-A296-3559600507AE}"
EndProject
Global
	GlobalSection(SolutionConfigurationPlatforms) = preSolution
		Debug|Any CPU = Debug|Any CPU
		Release|Any CPU = Release|Any CPU
	EndGlobalSection
	GlobalSection(ProjectConfigurationPlatforms) = postSolution
		{83E68E06-E4FE-4FB0-99BE-0E3A849802DF}.Debug|Any CPU.ActiveCfg = Debug|Any CPU
		{83E68E06-E4FE-4FB0-99BE-0E3A849802DF}.Debug|Any CPU.Build.0 = Debug|Any CPU
		{83E68E06-E4FE-4FB0-99BE-0E3A849802DF}.Release|Any CPU.ActiveCfg = Release|Any CPU
		{83E68E06-E4FE-4FB0-99BE-0E3A849802DF}.Release|Any CPU.Build.0 = Release|Any CPU
		{944B4743-C208-44E5-910E-82A93FC195D8}.Debug|Any CPU.ActiveCfg = Debug|Any CPU
		{944B4743-C208-44E5-910E-82A93FC195D8}.Debug|Any CPU.Build.0 = Debug|Any CPU
		{944B4743-C208-44E5-910E-82A93FC195D8}.Release|Any CPU.ActiveCfg = Release|Any CPU
		{944B4743-C208-44E5-910E-82A93FC195D8}.Release|Any CPU.Build.0 = Release|Any CPU
		{9523BECC-9606-490C-ADC6-1104883400C2}.Debug|Any CPU.ActiveCfg = Debug|Any CPU
		{9523BECC-9606-490C-ADC6-1104883400C2}.Debug|Any CPU.Build.0 = Debug|Any CPU
		{9523BECC-9606-490C-ADC6-1104883400C2}.Release|Any CPU.ActiveCfg = Release|Any CPU
		{9523BECC-9606-490C-ADC6-1104883400C2}.Release|Any CPU.Build.0 = Release|Any CPU
		{A0A09A0A-1FCE-4FF3-8CEB-99E5D9CB5F35}.Debug|Any CPU.ActiveCfg = Debug|Any CPU
		{A0A09A0A-1FCE-4FF3-8CEB-99E5D9CB5F35}.Debug|Any CPU.Build.0 = Debug|Any CPU
		{A0A09A0A-1FCE-4FF3-8CEB-99E5D9CB5F35}.Release|Any CPU.ActiveCfg = Release|Any CPU
		{A0A09A0A-1FCE-4FF3-8CEB-99E5D9CB5F35}.Release|Any CPU.Build.0 = Release|Any CPU
		{A3CF5C09-AA18-49F6-B28A-7B1A068C8DE2}.Debug|Any CPU.ActiveCfg = Debug|Any CPU
		{A3CF5C09-AA18-49F6-B28A-7B1A068C8DE2}.Debug|Any CPU.Build.0 = Debug|Any CPU
		{A3CF5C09-AA18-49F6-B28A-7B1A068C8DE2}.Release|Any CPU.ActiveCfg = Release|Any CPU
		{A3CF5C09-AA18-49F6-B28A-7B1A068C8DE2}.Release|Any CPU.Build.0 = Release|Any CPU
		{B718E4E7-E733-48AE-A433-77A773BCEDA9}.Debug|Any CPU.ActiveCfg = Debug|Any CPU
		{B718E4E7-E733-48AE-A433-77A773BCEDA9}.Debug|Any CPU.Build.0 = Debug|Any CPU
		{B718E4E7-E733-48AE-A433-77A773BCEDA9}.Release|Any CPU.ActiveCfg = Release|Any CPU
		{B718E4E7-E733-48AE-A433-77A773BCEDA9}.Release|Any CPU.Build.0 = Release|Any CPU
		{B9A8B997-3FE4-4D41-A2CE-917DAB41B83F}.Debug|Any CPU.ActiveCfg = Debug|Any CPU
		{B9A8B997-3FE4-4D41-A2CE-917DAB41B83F}.Debug|Any CPU.Build.0 = Debug|Any CPU
		{B9A8B997-3FE4-4D41-A2CE-917DAB41B83F}.Release|Any CPU.ActiveCfg = Release|Any CPU
		{B9A8B997-3FE4-4D41-A2CE-917DAB41B83F}.Release|Any CPU.Build.0 = Release|Any CPU
		{C36259EF-21D8-46D6-A296-3559600507AE}.Debug|Any CPU.ActiveCfg = Debug|Any CPU
		{C36259EF-21D8-46D6-A296-3559600507AE}.Debug|Any CPU.Build.0 = Debug|Any CPU
		{C36259EF-21D8-46D6-A296-3559600507AE}.Release|Any CPU.ActiveCfg = Release|Any CPU
		{C36259EF-21D8-46D6-A296-3559600507AE}.Release|Any CPU.Build.0 = Release|Any CPU
		{CE170C88-FB0C-433C-BA38-3BF84DB5B64E}.Debug|Any CPU.ActiveCfg = Debug|Any CPU
		{CE170C88-FB0C-433C-BA38-3BF84DB5B64E}.Debug|Any CPU.Build.0 = Debug|Any CPU
		{CE170C88-FB0C-433C-BA38-3BF84DB5B64E}.Release|Any CPU.ActiveCfg = Release|Any CPU
		{CE170C88-FB0C-433C-BA38-3BF84DB5B64E}.Release|Any CPU.Build.0 = Release|Any CPU
	EndGlobalSection
	GlobalSection(SolutionProperties) = preSolution
		HideSolutionNode = FALSE
	EndGlobalSection
EndGlobal
