
Microsoft Visual Studio Solution File, Format Version 12.00
# Visual Studio 2012
Project("{FAE04EC0-301F-11D3-BF4B-00C04F79EFBC}") = "BasicHistory", "BasicHistory\BasicHistory.csproj", "{ABF9A090-BF69-4E6E-B907-2B948FA0145C}"
EndProject
Project("{FAE04EC0-301F-11D3-BF4B-00C04F79EFBC}") = "CustomData", "CustomData\CustomData.csproj", "{FD772CF4-FFCA-44EA-A23E-CCBF62695BD9}"
EndProject
Global
	GlobalSection(SolutionConfigurationPlatforms) = preSolution
		Debug|Any CPU = Debug|Any CPU
		Release|Any CPU = Release|Any CPU
	EndGlobalSection
	GlobalSection(ProjectConfigurationPlatforms) = postSolution
		{ABF9A090-BF69-4E6E-B907-2B948FA0145C}.Debug|Any CPU.ActiveCfg = Debug|Any CPU
		{ABF9A090-BF69-4E6E-B907-2B948FA0145C}.Debug|Any CPU.Build.0 = Debug|Any CPU
		{ABF9A090-BF69-4E6E-B907-2B948FA0145C}.Release|Any CPU.ActiveCfg = Release|Any CPU
		{ABF9A090-BF69-4E6E-B907-2B948FA0145C}.Release|Any CPU.Build.0 = Release|Any CPU
		{FD772CF4-FFCA-44EA-A23E-CCBF62695BD9}.Debug|Any CPU.ActiveCfg = Debug|Any CPU
		{FD772CF4-FFCA-44EA-A23E-CCBF62695BD9}.Debug|Any CPU.Build.0 = Debug|Any CPU
		{FD772CF4-FFCA-44EA-A23E-CCBF62695BD9}.Release|Any CPU.ActiveCfg = Release|Any CPU
		{FD772CF4-FFCA-44EA-A23E-CCBF62695BD9}.Release|Any CPU.Build.0 = Release|Any CPU
	EndGlobalSection
	GlobalSection(SolutionProperties) = preSolution
		HideSolutionNode = FALSE
	EndGlobalSection
EndGlobal
